
Microsoft Visual Studio Solution File, Format Version 11.00
# Visual Studio 2010
Project("{FAE04EC0-301F-11D3-BF4B-00C04F79EFBC}") = "Assembly-CSharp", "Assembly-CSharp.csproj", "{03961d4b-41f5-7e0d-0f64-a36c67c169de}"
EndProject
Global
	GlobalSection(SolutionConfigurationPlatforms) = preSolution
		Debug|Any CPU = Debug|Any CPU
		Release|Any CPU = Release|Any CPU
	EndGlobalSection
	GlobalSection(ProjectConfigurationPlatforms) = postSolution
		{03961d4b-41f5-7e0d-0f64-a36c67c169de}.Debug|Any CPU.ActiveCfg = Debug|Any CPU
		{03961d4b-41f5-7e0d-0f64-a36c67c169de}.Debug|Any CPU.Build.0 = Debug|Any CPU
		{03961d4b-41f5-7e0d-0f64-a36c67c169de}.Release|Any CPU.ActiveCfg = Release|Any CPU
		{03961d4b-41f5-7e0d-0f64-a36c67c169de}.Release|Any CPU.Build.0 = Release|Any CPU
	EndGlobalSection
	GlobalSection(SolutionProperties) = preSolution
		HideSolutionNode = FALSE
	EndGlobalSection
EndGlobal
